
Microsoft Visual Studio Solution File, Format Version 12.00
# Visual Studio Version 16
VisualStudioVersion = 16.0.31112.23
MinimumVisualStudioVersion = 10.0.40219.1
Project("{FAE04EC0-301F-11D3-BF4B-00C04F79EFBC}") = "trell-clone", "trell-clone\trell-clone.csproj", "{2AD9A53F-EB64-41A1-BD37-51B51C5771D5}"
EndProject
Global
	GlobalSection(SolutionConfigurationPlatforms) = preSolution
		Debug|Any CPU = Debug|Any CPU
		Release|Any CPU = Release|Any CPU
	EndGlobalSection
	GlobalSection(ProjectConfigurationPlatforms) = postSolution
		{2AD9A53F-EB64-41A1-BD37-51B51C5771D5}.Debug|Any CPU.ActiveCfg = Debug|Any CPU
		{2AD9A53F-EB64-41A1-BD37-51B51C5771D5}.Debug|Any CPU.Build.0 = Debug|Any CPU
		{2AD9A53F-EB64-41A1-BD37-51B51C5771D5}.Release|Any CPU.ActiveCfg = Release|Any CPU
		{2AD9A53F-EB64-41A1-BD37-51B51C5771D5}.Release|Any CPU.Build.0 = Release|Any CPU
	EndGlobalSection
	GlobalSection(SolutionProperties) = preSolution
		HideSolutionNode = FALSE
	EndGlobalSection
	GlobalSection(ExtensibilityGlobals) = postSolution
		SolutionGuid = {41D39C76-1CA5-462F-AD3A-5A1283D8C168}
	EndGlobalSection
EndGlobal
